# THIS IS AN AUTOGENERATED FILE. DO NOT EDIT THIS FILE DIRECTLY.
# yarn lockfile v1


"@ioredis/commands@^1.1.1":
  version "1.2.0"
  resolved "https://registry.yarnpkg.com/@ioredis/commands/-/commands-1.2.0.tgz#6d61b3097470af1fdbbe622795b8921d42018e11"
  integrity sha512-Sx1pU8EM64o2BrqNpEO1CNLtKQwyhuXuqyfH7oGKCk+1a33d2r5saW8zNwm3j6BTExtjrv2BxTgzzkMwts6vGg==

"@redis/bloom@1.2.0":
  version "1.2.0"
  resolved "https://registry.yarnpkg.com/@redis/bloom/-/bloom-1.2.0.tgz#d3fd6d3c0af3ef92f26767b56414a370c7b63b71"
  integrity sha512-HG2DFjYKbpNmVXsa0keLHp/3leGJz1mjh09f2RLGGLQZzSHpkmZWuwJbAvo3QcRY8p80m5+ZdXZdYOSBLlp7Cg==

"@redis/client@1.5.6":
  version "1.5.6"
  resolved "https://registry.yarnpkg.com/@redis/client/-/client-1.5.6.tgz#869cc65718d7d5493ef655a71dc40f3bc64a1b28"
  integrity sha512-dFD1S6je+A47Lj22jN/upVU2fj4huR7S9APd7/ziUXsIXDL+11GPYti4Suv5y8FuXaN+0ZG4JF+y1houEJ7ToA==
  dependencies:
    cluster-key-slot "1.1.2"
    generic-pool "3.9.0"
    yallist "4.0.0"

"@redis/graph@1.1.0":
  version "1.1.0"
  resolved "https://registry.yarnpkg.com/@redis/graph/-/graph-1.1.0.tgz#cc2b82e5141a29ada2cce7d267a6b74baa6dd519"
  integrity sha512-16yZWngxyXPd+MJxeSr0dqh2AIOi8j9yXKcKCwVaKDbH3HTuETpDVPcLujhFYVPtYrngSco31BUcSa9TH31Gqg==

"@redis/json@1.0.4":
  version "1.0.4"
  resolved "https://registry.yarnpkg.com/@redis/json/-/json-1.0.4.tgz#f372b5f93324e6ffb7f16aadcbcb4e5c3d39bda1"
  integrity sha512-LUZE2Gdrhg0Rx7AN+cZkb1e6HjoSKaeeW8rYnt89Tly13GBI5eP4CwDVr+MY8BAYfCg4/N15OUrtLoona9uSgw==

"@redis/search@1.1.2":
  version "1.1.2"
  resolved "https://registry.yarnpkg.com/@redis/search/-/search-1.1.2.tgz#6a8f66ba90812d39c2457420f859ce8fbd8f3838"
  integrity sha512-/cMfstG/fOh/SsE+4/BQGeuH/JJloeWuH+qJzM8dbxuWvdWibWAOAHHCZTMPhV3xIlH4/cUEIA8OV5QnYpaVoA==

"@redis/time-series@1.0.4":
  version "1.0.4"
  resolved "https://registry.yarnpkg.com/@redis/time-series/-/time-series-1.0.4.tgz#af85eb080f6934580e4d3b58046026b6c2b18717"
  integrity sha512-ThUIgo2U/g7cCuZavucQTQzA9g9JbDDY2f64u3AbAoz/8vE2lt2U37LamDUVChhaDA3IRT9R6VvJwqnUfTJzng==

"@serialport/binding-mock@10.2.2":
  version "10.2.2"
  resolved "https://registry.yarnpkg.com/@serialport/binding-mock/-/binding-mock-10.2.2.tgz#d322a8116a97806addda13c62f50e73d16125874"
  integrity sha512-HAFzGhk9OuFMpuor7aT5G1ChPgn5qSsklTFOTUX72Rl6p0xwcSVsRtG/xaGp6bxpN7fI9D/S8THLBWbBgS6ldw==
  dependencies:
    "@serialport/bindings-interface" "^1.2.1"
    debug "^4.3.3"

"@serialport/bindings-cpp@10.8.0":
  version "10.8.0"
  resolved "https://registry.yarnpkg.com/@serialport/bindings-cpp/-/bindings-cpp-10.8.0.tgz#79507b57022ac264e963e7fbf3647a3821569a20"
  integrity sha512-OMQNJz5kJblbmZN5UgJXLwi2XNtVLxSKmq5VyWuXQVsUIJD4l9UGHnLPqM5LD9u3HPZgDI5w7iYN7gxkQNZJUw==
  dependencies:
    "@serialport/bindings-interface" "1.2.2"
    "@serialport/parser-readline" "^10.2.1"
    debug "^4.3.2"
    node-addon-api "^5.0.0"
    node-gyp-build "^4.3.0"

"@serialport/bindings-interface@1.2.2", "@serialport/bindings-interface@^1.2.1":
  version "1.2.2"
  resolved "https://registry.yarnpkg.com/@serialport/bindings-interface/-/bindings-interface-1.2.2.tgz#c4ae9c1c85e26b02293f62f37435478d90baa460"
  integrity sha512-CJaUd5bLvtM9c5dmO9rPBHPXTa9R2UwpkJ0wdh9JCYcbrPWsKz+ErvR0hBLeo7NPeiFdjFO4sonRljiw4d2XiA==

"@serialport/parser-byte-length@10.5.0":
  version "10.5.0"
  resolved "https://registry.yarnpkg.com/@serialport/parser-byte-length/-/parser-byte-length-10.5.0.tgz#f3d4c1c7923222df2f3d3c7c8aaaa207fe373b49"
  integrity sha512-eHhr4lHKboq1OagyaXAqkemQ1XyoqbLQC8XJbvccm95o476TmEdW5d7AElwZV28kWprPW68ZXdGF2VXCkJgS2w==

"@serialport/parser-cctalk@10.5.0":
  version "10.5.0"
  resolved "https://registry.yarnpkg.com/@serialport/parser-cctalk/-/parser-cctalk-10.5.0.tgz#0ee88db0768a361b7cfb9a394b74e480c38e1992"
  integrity sha512-Iwsdr03xmCKAiibLSr7b3w6ZUTBNiS+PwbDQXdKU/clutXjuoex83XvsOtYVcNZmwJlVNhAUbkG+FJzWwIa4DA==

"@serialport/parser-delimiter@10.5.0":
  version "10.5.0"
  resolved "https://registry.yarnpkg.com/@serialport/parser-delimiter/-/parser-delimiter-10.5.0.tgz#b0d93100cdfd0619d020a427d652495073f3b828"
  integrity sha512-/uR/yT3jmrcwnl2FJU/2ySvwgo5+XpksDUR4NF/nwTS5i3CcuKS+FKi/tLzy1k8F+rCx5JzpiK+koqPqOUWArA==

"@serialport/parser-inter-byte-timeout@10.5.0":
  version "10.5.0"
  resolved "https://registry.yarnpkg.com/@serialport/parser-inter-byte-timeout/-/parser-inter-byte-timeout-10.5.0.tgz#8665ee5e6138f794ac055e83ef2d1c3653a577c0"
  integrity sha512-WPvVlSx98HmmUF9jjK6y9mMp3Wnv6JQA0cUxLeZBgS74TibOuYG3fuUxUWGJALgAXotOYMxfXSezJ/vSnQrkhQ==

"@serialport/parser-packet-length@10.5.0":
  version "10.5.0"
  resolved "https://registry.yarnpkg.com/@serialport/parser-packet-length/-/parser-packet-length-10.5.0.tgz#4c4d733bdff8cc4749f2bd750e42e66f8f478def"
  integrity sha512-jkpC/8w4/gUBRa2Teyn7URv1D7T//0lGj27/4u9AojpDVXsR6dtdcTG7b7dNirXDlOrSLvvN7aS5/GNaRlEByw==

"@serialport/parser-readline@10.5.0", "@serialport/parser-readline@^10.2.1":
  version "10.5.0"
  resolved "https://registry.yarnpkg.com/@serialport/parser-readline/-/parser-readline-10.5.0.tgz#df23365ae7f45679b1735deae26f72ba42802862"
  integrity sha512-0aXJknodcl94W9zSjvU+sLdXiyEG2rqjQmvBWZCr8wJZjWEtv3RgrnYiWq4i2OTOyC8C/oPK8ZjpBjQptRsoJQ==
  dependencies:
    "@serialport/parser-delimiter" "10.5.0"

"@serialport/parser-ready@10.5.0":
  version "10.5.0"
  resolved "https://registry.yarnpkg.com/@serialport/parser-ready/-/parser-ready-10.5.0.tgz#1d9029f57b1abd664cb468e21bfccf7b44c6e8ea"
  integrity sha512-QIf65LTvUoxqWWHBpgYOL+soldLIIyD1bwuWelukem2yDZVWwEjR288cLQ558BgYxH4U+jLAQahhqoyN1I7BaA==

"@serialport/parser-regex@10.5.0":
  version "10.5.0"
  resolved "https://registry.yarnpkg.com/@serialport/parser-regex/-/parser-regex-10.5.0.tgz#f98eab6e3d9bc99086269e9acf39a82db36d245f"
  integrity sha512-9jnr9+PCxRoLjtGs7uxwsFqvho+rxuJlW6ZWSB7oqfzshEZWXtTJgJRgac/RuLft4hRlrmRz5XU40i3uoL4HKw==

"@serialport/parser-slip-encoder@10.5.0":
  version "10.5.0"
  resolved "https://registry.yarnpkg.com/@serialport/parser-slip-encoder/-/parser-slip-encoder-10.5.0.tgz#cb79ac0fda1fc87f049690ff7b498c787da67991"
  integrity sha512-wP8m+uXQdkWSa//3n+VvfjLthlabwd9NiG6kegf0fYweLWio8j4pJRL7t9eTh2Lbc7zdxuO0r8ducFzO0m8CQw==

"@serialport/parser-spacepacket@10.5.0":
  version "10.5.0"
  resolved "https://registry.yarnpkg.com/@serialport/parser-spacepacket/-/parser-spacepacket-10.5.0.tgz#2fc077c0ec16a9532c511ad5f2ab12d588796bc7"
  integrity sha512-BEZ/HAEMwOd8xfuJSeI/823IR/jtnThovh7ils90rXD4DPL1ZmrP4abAIEktwe42RobZjIPfA4PaVfyO0Fjfhg==

"@serialport/stream@10.5.0":
  version "10.5.0"
  resolved "https://registry.yarnpkg.com/@serialport/stream/-/stream-10.5.0.tgz#cda8fb3e8d03094b0962a3d14b73adfcd591be58"
  integrity sha512-gbcUdvq9Kyv2HsnywS7QjnEB28g+6OGB5Z8TLP7X+UPpoMIWoUsoQIq5Kt0ZTgMoWn3JGM2lqwTsSHF+1qhniA==
  dependencies:
    "@serialport/bindings-interface" "1.2.2"
    debug "^4.3.2"

"@types/node@^18.15.11":
  version "18.15.11"
  resolved "https://registry.yarnpkg.com/@types/node/-/node-18.15.11.tgz#b3b790f09cb1696cffcec605de025b088fa4225f"
  integrity sha512-E5Kwq2n4SbMzQOn6wnmBjuK9ouqlURrcZDVfbo9ftDDTFt3nk7ZKK4GMOzoYgnpQJKcxwQw+lGaBvvlMo0qN/Q==

cluster-key-slot@1.1.2, cluster-key-slot@^1.1.0:
  version "1.1.2"
  resolved "https://registry.yarnpkg.com/cluster-key-slot/-/cluster-key-slot-1.1.2.tgz#88ddaa46906e303b5de30d3153b7d9fe0a0c19ac"
  integrity sha512-RMr0FhtfXemyinomL4hrWcYJxmX6deFdCxpJzhDttxgO1+bcCnkk+9drydLVDmAMG7NE6aN/fl4F7ucU/90gAA==

debug@^4.3.2, debug@^4.3.3, debug@^4.3.4:
  version "4.3.4"
  resolved "https://registry.yarnpkg.com/debug/-/debug-4.3.4.tgz#1319f6579357f2338d3337d2cdd4914bb5dcc865"
  integrity sha512-PRWFHuSU3eDtQJPvnNY7Jcket1j0t5OuOsFzPPzsekD52Zl8qUfFIPEiswXqIvHWGVHOgX+7G/vCNNhehwxfkQ==
  dependencies:
    ms "2.1.2"

denque@^2.1.0:
  version "2.1.0"
  resolved "https://registry.yarnpkg.com/denque/-/denque-2.1.0.tgz#e93e1a6569fb5e66f16a3c2a2964617d349d6ab1"
  integrity sha512-HVQE3AAb/pxF8fQAoiqpvg9i3evqug3hoiwakOyZAwJm+6vZehbkYXZ0l4JxS+I3QxM97v5aaRNhj8v5oBhekw==

fast-json-parse@^1.0.3:
  version "1.0.3"
  resolved "https://registry.yarnpkg.com/fast-json-parse/-/fast-json-parse-1.0.3.tgz#43e5c61ee4efa9265633046b770fb682a7577c4d"
  integrity sha512-FRWsaZRWEJ1ESVNbDWmsAlqDk96gPQezzLghafp5J4GUKjbCz3OkAHuZs5TuPEtkbVQERysLp9xv6c24fBm8Aw==

generic-pool@3.9.0:
  version "3.9.0"
  resolved "https://registry.yarnpkg.com/generic-pool/-/generic-pool-3.9.0.tgz#36f4a678e963f4fdb8707eab050823abc4e8f5e4"
  integrity sha512-hymDOu5B53XvN4QT9dBmZxPX4CWhBPPLguTZ9MMFeFa/Kg0xWVfylOVNlJji/E7yTZWFd/q9GO5TxDLq156D7g==

ioredis@^5.3.1:
  version "5.3.1"
  resolved "https://registry.yarnpkg.com/ioredis/-/ioredis-5.3.1.tgz#55d394a51258cee3af9e96c21c863b1a97bf951f"
  integrity sha512-C+IBcMysM6v52pTLItYMeV4Hz7uriGtoJdz7SSBDX6u+zwSYGirLdQh3L7t/OItWITcw3gTFMjJReYUwS4zihg==
  dependencies:
    "@ioredis/commands" "^1.1.1"
    cluster-key-slot "^1.1.0"
    debug "^4.3.4"
    denque "^2.1.0"
    lodash.defaults "^4.2.0"
    lodash.isarguments "^3.1.0"
    redis-errors "^1.2.0"
    redis-parser "^3.0.0"
    standard-as-callback "^2.1.0"

lodash.defaults@^4.2.0:
  version "4.2.0"
  resolved "https://registry.yarnpkg.com/lodash.defaults/-/lodash.defaults-4.2.0.tgz#d09178716ffea4dde9e5fb7b37f6f0802274580c"
  integrity sha512-qjxPLHd3r5DnsdGacqOMU6pb/avJzdh9tFX2ymgoZE27BmjXrNy/y4LoaiTeAb+O3gL8AfpJGtqfX/ae2leYYQ==

lodash.isarguments@^3.1.0:
  version "3.1.0"
  resolved "https://registry.yarnpkg.com/lodash.isarguments/-/lodash.isarguments-3.1.0.tgz#2f573d85c6a24289ff00663b491c1d338ff3458a"
  integrity sha512-chi4NHZlZqZD18a0imDHnZPrDeBbTtVN7GXMwuGdRH9qotxAjYs3aVLKc7zNOG9eddR5Ksd8rvFEBc9SsggPpg==

ms@2.1.2:
  version "2.1.2"
  resolved "https://registry.yarnpkg.com/ms/-/ms-2.1.2.tgz#d09d1f357b443f493382a8eb3ccd183872ae6009"
  integrity sha512-sGkPx+VjMtmA6MX27oA4FBFELFCZZ4S4XqeGOXCv68tT+jb3vk/RyaKWP0PTKyWtmLSM0b+adUTEvbs1PEaH2w==

node-addon-api@^5.0.0:
  version "5.1.0"
  resolved "https://registry.yarnpkg.com/node-addon-api/-/node-addon-api-5.1.0.tgz#49da1ca055e109a23d537e9de43c09cca21eb762"
  integrity sha512-eh0GgfEkpnoWDq+VY8OyvYhFEzBk6jIYbRKdIlyTiAXIVJ8PyBaKb0rp7oDtoddbdoHWhq8wwr+XZ81F1rpNdA==

node-gyp-build@^4.3.0:
  version "4.6.0"
  resolved "https://registry.yarnpkg.com/node-gyp-build/-/node-gyp-build-4.6.0.tgz#0c52e4cbf54bbd28b709820ef7b6a3c2d6209055"
  integrity sha512-NTZVKn9IylLwUzaKjkas1e4u2DLNcV4rdYagA4PWdPwW87Bi7z+BznyKSRwS/761tV/lzCGXplWsiaMjLqP2zQ==

redis-errors@^1.0.0, redis-errors@^1.2.0:
  version "1.2.0"
  resolved "https://registry.yarnpkg.com/redis-errors/-/redis-errors-1.2.0.tgz#eb62d2adb15e4eaf4610c04afe1529384250abad"
  integrity sha512-1qny3OExCf0UvUV/5wpYKf2YwPcOqXzkwKKSmKHiE6ZMQs5heeE/c8eXK+PNllPvmjgAbfnsbpkGZWy8cBpn9w==

redis-parser@^3.0.0:
  version "3.0.0"
  resolved "https://registry.yarnpkg.com/redis-parser/-/redis-parser-3.0.0.tgz#b66d828cdcafe6b4b8a428a7def4c6bcac31c8b4"
  integrity sha512-DJnGAeenTdpMEH6uAJRK/uiyEIH9WVsUmoLwzudwGJUwZPp80PDBWPHXSAGNPwNvIXAbe7MSUB1zQFugFml66A==
  dependencies:
    redis-errors "^1.0.0"

redis@^4.6.5:
  version "4.6.5"
  resolved "https://registry.yarnpkg.com/redis/-/redis-4.6.5.tgz#f32fbde44429e96f562bb0c9b1db0143ab8cfa4f"
  integrity sha512-O0OWA36gDQbswOdUuAhRL6mTZpHFN525HlgZgDaVNgCJIAZR3ya06NTESb0R+TUZ+BFaDpz6NnnVvoMx9meUFg==
  dependencies:
    "@redis/bloom" "1.2.0"
    "@redis/client" "1.5.6"
    "@redis/graph" "1.1.0"
    "@redis/json" "1.0.4"
    "@redis/search" "1.1.2"
    "@redis/time-series" "1.0.4"

serialport@^10.5.0:
  version "10.5.0"
  resolved "https://registry.yarnpkg.com/serialport/-/serialport-10.5.0.tgz#b85f614def6e8914e5865c798b0555330903a0f8"
  integrity sha512-7OYLDsu5i6bbv3lU81pGy076xe0JwpK6b49G6RjNvGibstUqQkI+I3/X491yBGtf4gaqUdOgoU1/5KZ/XxL4dw==
  dependencies:
    "@serialport/binding-mock" "10.2.2"
    "@serialport/bindings-cpp" "10.8.0"
    "@serialport/parser-byte-length" "10.5.0"
    "@serialport/parser-cctalk" "10.5.0"
    "@serialport/parser-delimiter" "10.5.0"
    "@serialport/parser-inter-byte-timeout" "10.5.0"
    "@serialport/parser-packet-length" "10.5.0"
    "@serialport/parser-readline" "10.5.0"
    "@serialport/parser-ready" "10.5.0"
    "@serialport/parser-regex" "10.5.0"
    "@serialport/parser-slip-encoder" "10.5.0"
    "@serialport/parser-spacepacket" "10.5.0"
    "@serialport/stream" "10.5.0"
    debug "^4.3.3"

standard-as-callback@^2.1.0:
  version "2.1.0"
  resolved "https://registry.yarnpkg.com/standard-as-callback/-/standard-as-callback-2.1.0.tgz#8953fc05359868a77b5b9739a665c5977bb7df45"
  integrity sha512-qoRRSyROncaz1z0mvYqIE4lCd9p2R90i6GxW3uZv5ucSu8tU7B5HXUP1gG8pVZsYNVaXjk8ClXHPttLyxAL48A==

yallist@4.0.0:
  version "4.0.0"
  resolved "https://registry.yarnpkg.com/yallist/-/yallist-4.0.0.tgz#9bb92790d9c0effec63be73519e11a35019a3a72"
  integrity sha512-3wdGidZyq5PB084XLES5TpOSRA3wjXAlIWMhum2kRcv/41Sn2emQ0dycQW4uZXLejwKvg6EsvbdlVL+FYEct7A==
